
Microsoft Visual Studio Solution File, Format Version 12.00
# Visual Studio Version 16
VisualStudioVersion = 16.0.31105.61
MinimumVisualStudioVersion = 10.0.40219.1
Project("{FAE04EC0-301F-11D3-BF4B-00C04F79EFBC}") = "transposicao", "transposicao\transposicao.csproj", "{8879AFF6-435F-4DAE-9232-B14D80DD3F5D}"
EndProject
Global
	GlobalSection(SolutionConfigurationPlatforms) = preSolution
		Debug|Any CPU = Debug|Any CPU
		Release|Any CPU = Release|Any CPU
	EndGlobalSection
	GlobalSection(ProjectConfigurationPlatforms) = postSolution
		{8879AFF6-435F-4DAE-9232-B14D80DD3F5D}.Debug|Any CPU.ActiveCfg = Debug|Any CPU
		{8879AFF6-435F-4DAE-9232-B14D80DD3F5D}.Debug|Any CPU.Build.0 = Debug|Any CPU
		{8879AFF6-435F-4DAE-9232-B14D80DD3F5D}.Release|Any CPU.ActiveCfg = Release|Any CPU
		{8879AFF6-435F-4DAE-9232-B14D80DD3F5D}.Release|Any CPU.Build.0 = Release|Any CPU
	EndGlobalSection
	GlobalSection(SolutionProperties) = preSolution
		HideSolutionNode = FALSE
	EndGlobalSection
	GlobalSection(ExtensibilityGlobals) = postSolution
		SolutionGuid = {7A8778CE-6D15-4165-96BE-9EC0B605A653}
	EndGlobalSection
EndGlobal
